
Microsoft Visual Studio Solution File, Format Version 12.00
# Visual Studio Version 16
VisualStudioVersion = 16.0.31729.503
MinimumVisualStudioVersion = 10.0.40219.1
Project("{FAE04EC0-301F-11D3-BF4B-00C04F79EFBC}") = "SistemaATM", "SistemaATM\SistemaATM.csproj", "{CF0436C8-A8BF-479E-838F-2F41859CB782}"
EndProject
Project("{FAE04EC0-301F-11D3-BF4B-00C04F79EFBC}") = "ATMWSSOAP", "ATMWSSOAP\ATMWSSOAP.csproj", "{D866A847-052D-40B7-B865-7ACCB791D392}"
EndProject
Project("{FAE04EC0-301F-11D3-BF4B-00C04F79EFBC}") = "ATMWSREST", "ATMWSREST\ATMWSREST.csproj", "{38397485-2675-49B6-BB61-C1EBA13712EE}"
EndProject
Global
	GlobalSection(SolutionConfigurationPlatforms) = preSolution
		Debug|Any CPU = Debug|Any CPU
		Release|Any CPU = Release|Any CPU
	EndGlobalSection
	GlobalSection(ProjectConfigurationPlatforms) = postSolution
		{CF0436C8-A8BF-479E-838F-2F41859CB782}.Debug|Any CPU.ActiveCfg = Debug|Any CPU
		{CF0436C8-A8BF-479E-838F-2F41859CB782}.Release|Any CPU.ActiveCfg = Release|Any CPU
		{CF0436C8-A8BF-479E-838F-2F41859CB782}.Release|Any CPU.Build.0 = Release|Any CPU
		{D866A847-052D-40B7-B865-7ACCB791D392}.Debug|Any CPU.ActiveCfg = Debug|Any CPU
		{D866A847-052D-40B7-B865-7ACCB791D392}.Debug|Any CPU.Build.0 = Debug|Any CPU
		{D866A847-052D-40B7-B865-7ACCB791D392}.Release|Any CPU.ActiveCfg = Release|Any CPU
		{D866A847-052D-40B7-B865-7ACCB791D392}.Release|Any CPU.Build.0 = Release|Any CPU
		{38397485-2675-49B6-BB61-C1EBA13712EE}.Debug|Any CPU.ActiveCfg = Debug|Any CPU
		{38397485-2675-49B6-BB61-C1EBA13712EE}.Debug|Any CPU.Build.0 = Debug|Any CPU
		{38397485-2675-49B6-BB61-C1EBA13712EE}.Release|Any CPU.ActiveCfg = Release|Any CPU
		{38397485-2675-49B6-BB61-C1EBA13712EE}.Release|Any CPU.Build.0 = Release|Any CPU
	EndGlobalSection
	GlobalSection(SolutionProperties) = preSolution
		HideSolutionNode = FALSE
	EndGlobalSection
	GlobalSection(ExtensibilityGlobals) = postSolution
		SolutionGuid = {951A87A7-1FD1-4326-BA97-4E141A697265}
	EndGlobalSection
EndGlobal
